// !$*UTF8*$!
{
	archiveVersion = 1;
	classes = {
	};
	objectVersion = 46;
	objects = {

/* Begin PBXBuildFile section */
		14F21DC11ECA4527000E0431 /* CollectionViewDataSourceTests.swift in Sources */ = {isa = PBXBuildFile; fileRef = 14F21DC01ECA4527000E0431 /* CollectionViewDataSourceTests.swift */; };
		14F21DD31ECA473B000E0431 /* AppDelegate.swift in Sources */ = {isa = PBXBuildFile; fileRef = 14F21DCC1ECA473B000E0431 /* AppDelegate.swift */; };
		14F21DD41ECA473B000E0431 /* Assets.xcassets in Resources */ = {isa = PBXBuildFile; fileRef = 14F21DCD1ECA473B000E0431 /* Assets.xcassets */; };
		14F21DD51ECA473B000E0431 /* LaunchScreen.storyboard in Resources */ = {isa = PBXBuildFile; fileRef = 14F21DCE1ECA473B000E0431 /* LaunchScreen.storyboard */; };
		14F21DD91ECA4781000E0431 /* HomeViewController.swift in Sources */ = {isa = PBXBuildFile; fileRef = 14F21DD71ECA4781000E0431 /* HomeViewController.swift */; };
		14F21DDA1ECA4781000E0431 /* HomeViewController.xib in Resources */ = {isa = PBXBuildFile; fileRef = 14F21DD81ECA4781000E0431 /* HomeViewController.xib */; };
		14F21DDC1ECA49A2000E0431 /* CollectionViewDataSource.swift in Sources */ = {isa = PBXBuildFile; fileRef = 14F21DDB1ECA49A2000E0431 /* CollectionViewDataSource.swift */; };
		14F21DE51ECA549D000E0431 /* TextCell.swift in Sources */ = {isa = PBXBuildFile; fileRef = 14F21DE31ECA549D000E0431 /* TextCell.swift */; };
		14F21DE61ECA549D000E0431 /* TextCell.xib in Resources */ = {isa = PBXBuildFile; fileRef = 14F21DE41ECA549D000E0431 /* TextCell.xib */; };
		14F21DE91ECA5959000E0431 /* SingleSectionViewController.swift in Sources */ = {isa = PBXBuildFile; fileRef = 14F21DE71ECA5959000E0431 /* SingleSectionViewController.swift */; };
		14F21DEA1ECA5959000E0431 /* SingleSectionViewController.xib in Resources */ = {isa = PBXBuildFile; fileRef = 14F21DE81ECA5959000E0431 /* SingleSectionViewController.xib */; };
		14F21DED1ECA5C67000E0431 /* MultipleSectionViewController.swift in Sources */ = {isa = PBXBuildFile; fileRef = 14F21DEB1ECA5C67000E0431 /* MultipleSectionViewController.swift */; };
		14F21DEE1ECA5C67000E0431 /* MultipleSectionViewController.xib in Resources */ = {isa = PBXBuildFile; fileRef = 14F21DEC1ECA5C67000E0431 /* MultipleSectionViewController.xib */; };
		14F21DF71ECB5ED7000E0431 /* ReorderableViewController.swift in Sources */ = {isa = PBXBuildFile; fileRef = 14F21DF51ECB5ED7000E0431 /* ReorderableViewController.swift */; };
		14F21DF81ECB5ED7000E0431 /* ReorderableViewController.xib in Resources */ = {isa = PBXBuildFile; fileRef = 14F21DF61ECB5ED7000E0431 /* ReorderableViewController.xib */; };
/* End PBXBuildFile section */

/* Begin PBXContainerItemProxy section */
		14F21DBD1ECA4527000E0431 /* PBXContainerItemProxy */ = {
			isa = PBXContainerItemProxy;
			containerPortal = 14F21DA01ECA4527000E0431 /* Project object */;
			proxyType = 1;
			remoteGlobalIDString = 14F21DA71ECA4527000E0431;
			remoteInfo = CollectionViewDataSource;
		};
/* End PBXContainerItemProxy section */

/* Begin PBXFileReference section */
		14F21DA81ECA4527000E0431 /* CollectionViewDataSource.app */ = {isa = PBXFileReference; explicitFileType = wrapper.application; includeInIndex = 0; path = CollectionViewDataSource.app; sourceTree = BUILT_PRODUCTS_DIR; };
		14F21DBC1ECA4527000E0431 /* CollectionViewDataSourceTests.xctest */ = {isa = PBXFileReference; explicitFileType = wrapper.cfbundle; includeInIndex = 0; path = CollectionViewDataSourceTests.xctest; sourceTree = BUILT_PRODUCTS_DIR; };
		14F21DC01ECA4527000E0431 /* CollectionViewDataSourceTests.swift */ = {isa = PBXFileReference; lastKnownFileType = sourcecode.swift; path = CollectionViewDataSourceTests.swift; sourceTree = "<group>"; };
		14F21DC21ECA4527000E0431 /* Info.plist */ = {isa = PBXFileReference; lastKnownFileType = text.plist.xml; path = Info.plist; sourceTree = "<group>"; };
		14F21DCC1ECA473B000E0431 /* AppDelegate.swift */ = {isa = PBXFileReference; fileEncoding = 4; lastKnownFileType = sourcecode.swift; path = AppDelegate.swift; sourceTree = "<group>"; };
		14F21DCD1ECA473B000E0431 /* Assets.xcassets */ = {isa = PBXFileReference; lastKnownFileType = folder.assetcatalog; path = Assets.xcassets; sourceTree = "<group>"; };
		14F21DCF1ECA473B000E0431 /* Base */ = {isa = PBXFileReference; lastKnownFileType = file.storyboard; name = Base; path = Base.lproj/LaunchScreen.storyboard; sourceTree = "<group>"; };
		14F21DD01ECA473B000E0431 /* Info.plist */ = {isa = PBXFileReference; fileEncoding = 4; lastKnownFileType = text.plist.xml; path = Info.plist; sourceTree = "<group>"; };
		14F21DD71ECA4781000E0431 /* HomeViewController.swift */ = {isa = PBXFileReference; fileEncoding = 4; lastKnownFileType = sourcecode.swift; path = HomeViewController.swift; sourceTree = "<group>"; };
		14F21DD81ECA4781000E0431 /* HomeViewController.xib */ = {isa = PBXFileReference; fileEncoding = 4; lastKnownFileType = file.xib; path = HomeViewController.xib; sourceTree = "<group>"; };
		14F21DDB1ECA49A2000E0431 /* CollectionViewDataSource.swift */ = {isa = PBXFileReference; fileEncoding = 4; lastKnownFileType = sourcecode.swift; path = CollectionViewDataSource.swift; sourceTree = "<group>"; };
		14F21DE31ECA549D000E0431 /* TextCell.swift */ = {isa = PBXFileReference; fileEncoding = 4; lastKnownFileType = sourcecode.swift; name = TextCell.swift; path = Views/TextCell.swift; sourceTree = "<group>"; };
		14F21DE41ECA549D000E0431 /* TextCell.xib */ = {isa = PBXFileReference; fileEncoding = 4; lastKnownFileType = file.xib; name = TextCell.xib; path = Views/TextCell.xib; sourceTree = "<group>"; };
		14F21DE71ECA5959000E0431 /* SingleSectionViewController.swift */ = {isa = PBXFileReference; fileEncoding = 4; lastKnownFileType = sourcecode.swift; path = SingleSectionViewController.swift; sourceTree = "<group>"; };
		14F21DE81ECA5959000E0431 /* SingleSectionViewController.xib */ = {isa = PBXFileReference; fileEncoding = 4; lastKnownFileType = file.xib; path = SingleSectionViewController.xib; sourceTree = "<group>"; };
		14F21DEB1ECA5C67000E0431 /* MultipleSectionViewController.swift */ = {isa = PBXFileReference; fileEncoding = 4; lastKnownFileType = sourcecode.swift; path = MultipleSectionViewController.swift; sourceTree = "<group>"; };
		14F21DEC1ECA5C67000E0431 /* MultipleSectionViewController.xib */ = {isa = PBXFileReference; fileEncoding = 4; lastKnownFileType = file.xib; path = MultipleSectionViewController.xib; sourceTree = "<group>"; };
		14F21DF51ECB5ED7000E0431 /* ReorderableViewController.swift */ = {isa = PBXFileReference; fileEncoding = 4; lastKnownFileType = sourcecode.swift; path = ReorderableViewController.swift; sourceTree = "<group>"; };
		14F21DF61ECB5ED7000E0431 /* ReorderableViewController.xib */ = {isa = PBXFileReference; fileEncoding = 4; lastKnownFileType = file.xib; path = ReorderableViewController.xib; sourceTree = "<group>"; };
/* End PBXFileReference section */

/* Begin PBXFrameworksBuildPhase section */
		14F21DA51ECA4527000E0431 /* Frameworks */ = {
			isa = PBXFrameworksBuildPhase;
			buildActionMask = 2147483647;
			files = (
			);
			runOnlyForDeploymentPostprocessing = 0;
		};
		14F21DB91ECA4527000E0431 /* Frameworks */ = {
			isa = PBXFrameworksBuildPhase;
			buildActionMask = 2147483647;
			files = (
			);
			runOnlyForDeploymentPostprocessing = 0;
		};
/* End PBXFrameworksBuildPhase section */

/* Begin PBXGroup section */
		14F21D9F1ECA4527000E0431 = {
			isa = PBXGroup;
			children = (
				14F21DAA1ECA4527000E0431 /* CollectionViewDataSource */,
				14F21DBF1ECA4527000E0431 /* CollectionViewDataSourceTests */,
				14F21DA91ECA4527000E0431 /* Products */,
			);
			sourceTree = "<group>";
		};
		14F21DA91ECA4527000E0431 /* Products */ = {
			isa = PBXGroup;
			children = (
				14F21DA81ECA4527000E0431 /* CollectionViewDataSource.app */,
				14F21DBC1ECA4527000E0431 /* CollectionViewDataSourceTests.xctest */,
			);
			name = Products;
			sourceTree = "<group>";
		};
		14F21DAA1ECA4527000E0431 /* CollectionViewDataSource */ = {
			isa = PBXGroup;
			children = (
				14F21DCB1ECA473B000E0431 /* Application */,
				14F21DD11ECA473B000E0431 /* DataSource */,
				14F21DD21ECA473B000E0431 /* ViewControllers */,
				14F21DDE1ECA5457000E0431 /* Views */,
			);
			path = CollectionViewDataSource;
			sourceTree = "<group>";
		};
		14F21DBF1ECA4527000E0431 /* CollectionViewDataSourceTests */ = {
			isa = PBXGroup;
			children = (
				14F21DC01ECA4527000E0431 /* CollectionViewDataSourceTests.swift */,
				14F21DC21ECA4527000E0431 /* Info.plist */,
			);
			path = CollectionViewDataSourceTests;
			sourceTree = "<group>";
		};
		14F21DCB1ECA473B000E0431 /* Application */ = {
			isa = PBXGroup;
			children = (
				14F21DCC1ECA473B000E0431 /* AppDelegate.swift */,
				14F21DCD1ECA473B000E0431 /* Assets.xcassets */,
				14F21DCE1ECA473B000E0431 /* LaunchScreen.storyboard */,
				14F21DD01ECA473B000E0431 /* Info.plist */,
			);
			path = Application;
			sourceTree = "<group>";
		};
		14F21DD11ECA473B000E0431 /* DataSource */ = {
			isa = PBXGroup;
			children = (
				14F21DDB1ECA49A2000E0431 /* CollectionViewDataSource.swift */,
			);
			path = DataSource;
			sourceTree = "<group>";
		};
		14F21DD21ECA473B000E0431 /* ViewControllers */ = {
			isa = PBXGroup;
			children = (
				14F21DD71ECA4781000E0431 /* HomeViewController.swift */,
				14F21DD81ECA4781000E0431 /* HomeViewController.xib */,
				14F21DEB1ECA5C67000E0431 /* MultipleSectionViewController.swift */,
				14F21DEC1ECA5C67000E0431 /* MultipleSectionViewController.xib */,
				14F21DF51ECB5ED7000E0431 /* ReorderableViewController.swift */,
				14F21DF61ECB5ED7000E0431 /* ReorderableViewController.xib */,
				14F21DE71ECA5959000E0431 /* SingleSectionViewController.swift */,
				14F21DE81ECA5959000E0431 /* SingleSectionViewController.xib */,
			);
			path = ViewControllers;
			sourceTree = "<group>";
		};
		14F21DDE1ECA5457000E0431 /* Views */ = {
			isa = PBXGroup;
			children = (
				14F21DE31ECA549D000E0431 /* TextCell.swift */,
				14F21DE41ECA549D000E0431 /* TextCell.xib */,
			);
			name = Views;
			sourceTree = "<group>";
		};
/* End PBXGroup section */

/* Begin PBXNativeTarget section */
		14F21DA71ECA4527000E0431 /* CollectionViewDataSource */ = {
			isa = PBXNativeTarget;
			buildConfigurationList = 14F21DC51ECA4527000E0431 /* Build configuration list for PBXNativeTarget "CollectionViewDataSource" */;
			buildPhases = (
				14F21DA41ECA4527000E0431 /* Sources */,
				14F21DA51ECA4527000E0431 /* Frameworks */,
				14F21DA61ECA4527000E0431 /* Resources */,
			);
			buildRules = (
			);
			dependencies = (
			);
			name = CollectionViewDataSource;
			productName = CollectionViewDataSource;
			productReference = 14F21DA81ECA4527000E0431 /* CollectionViewDataSource.app */;
			productType = "com.apple.product-type.application";
		};
		14F21DBB1ECA4527000E0431 /* CollectionViewDataSourceTests */ = {
			isa = PBXNativeTarget;
			buildConfigurationList = 14F21DC81ECA4527000E0431 /* Build configuration list for PBXNativeTarget "CollectionViewDataSourceTests" */;
			buildPhases = (
				14F21DB81ECA4527000E0431 /* Sources */,
				14F21DB91ECA4527000E0431 /* Frameworks */,
				14F21DBA1ECA4527000E0431 /* Resources */,
			);
			buildRules = (
			);
			dependencies = (
				14F21DBE1ECA4527000E0431 /* PBXTargetDependency */,
			);
			name = CollectionViewDataSourceTests;
			productName = CollectionViewDataSourceTests;
			productReference = 14F21DBC1ECA4527000E0431 /* CollectionViewDataSourceTests.xctest */;
			productType = "com.apple.product-type.bundle.unit-test";
		};
/* End PBXNativeTarget section */

/* Begin PBXProject section */
		14F21DA01ECA4527000E0431 /* Project object */ = {
			isa = PBXProject;
			attributes = {
				LastSwiftUpdateCheck = 0830;
				LastUpgradeCheck = 0830;
				ORGANIZATIONNAME = "Sean Kladek";
				TargetAttributes = {
					14F21DA71ECA4527000E0431 = {
						CreatedOnToolsVersion = 8.3.2;
						DevelopmentTeam = MV978XDK83;
						ProvisioningStyle = Automatic;
					};
					14F21DBB1ECA4527000E0431 = {
						CreatedOnToolsVersion = 8.3.2;
						DevelopmentTeam = MV978XDK83;
						ProvisioningStyle = Automatic;
						TestTargetID = 14F21DA71ECA4527000E0431;
					};
				};
			};
			buildConfigurationList = 14F21DA31ECA4527000E0431 /* Build configuration list for PBXProject "CollectionViewDataSource" */;
			compatibilityVersion = "Xcode 3.2";
			developmentRegion = English;
			hasScannedForEncodings = 0;
			knownRegions = (
				en,
				Base,
			);
			mainGroup = 14F21D9F1ECA4527000E0431;
			productRefGroup = 14F21DA91ECA4527000E0431 /* Products */;
			projectDirPath = "";
			projectRoot = "";
			targets = (
				14F21DA71ECA4527000E0431 /* CollectionViewDataSource */,
				14F21DBB1ECA4527000E0431 /* CollectionViewDataSourceTests */,
			);
		};
/* End PBXProject section */

/* Begin PBXResourcesBuildPhase section */
		14F21DA61ECA4527000E0431 /* Resources */ = {
			isa = PBXResourcesBuildPhase;
			buildActionMask = 2147483647;
			files = (
				14F21DEA1ECA5959000E0431 /* SingleSectionViewController.xib in Resources */,
				14F21DD41ECA473B000E0431 /* Assets.xcassets in Resources */,
				14F21DEE1ECA5C67000E0431 /* MultipleSectionViewController.xib in Resources */,
				14F21DD51ECA473B000E0431 /* LaunchScreen.storyboard in Resources */,
				14F21DE61ECA549D000E0431 /* TextCell.xib in Resources */,
				14F21DDA1ECA4781000E0431 /* HomeViewController.xib in Resources */,
				14F21DF81ECB5ED7000E0431 /* ReorderableViewController.xib in Resources */,
			);
			runOnlyForDeploymentPostprocessing = 0;
		};
		14F21DBA1ECA4527000E0431 /* Resources */ = {
			isa = PBXResourcesBuildPhase;
			buildActionMask = 2147483647;
			files = (
			);
			runOnlyForDeploymentPostprocessing = 0;
		};
/* End PBXResourcesBuildPhase section */

/* Begin PBXSourcesBuildPhase section */
		14F21DA41ECA4527000E0431 /* Sources */ = {
			isa = PBXSourcesBuildPhase;
			buildActionMask = 2147483647;
			files = (
				14F21DED1ECA5C67000E0431 /* MultipleSectionViewController.swift in Sources */,
				14F21DE91ECA5959000E0431 /* SingleSectionViewController.swift in Sources */,
				14F21DD31ECA473B000E0431 /* AppDelegate.swift in Sources */,
				14F21DF71ECB5ED7000E0431 /* ReorderableViewController.swift in Sources */,
				14F21DDC1ECA49A2000E0431 /* CollectionViewDataSource.swift in Sources */,
				14F21DE51ECA549D000E0431 /* TextCell.swift in Sources */,
				14F21DD91ECA4781000E0431 /* HomeViewController.swift in Sources */,
			);
			runOnlyForDeploymentPostprocessing = 0;
		};
		14F21DB81ECA4527000E0431 /* Sources */ = {
			isa = PBXSourcesBuildPhase;
			buildActionMask = 2147483647;
			files = (
				14F21DC11ECA4527000E0431 /* CollectionViewDataSourceTests.swift in Sources */,
			);
			runOnlyForDeploymentPostprocessing = 0;
		};
/* End PBXSourcesBuildPhase section */

/* Begin PBXTargetDependency section */
		14F21DBE1ECA4527000E0431 /* PBXTargetDependency */ = {
			isa = PBXTargetDependency;
			target = 14F21DA71ECA4527000E0431 /* CollectionViewDataSource */;
			targetProxy = 14F21DBD1ECA4527000E0431 /* PBXContainerItemProxy */;
		};
/* End PBXTargetDependency section */

/* Begin PBXVariantGroup section */
		14F21DCE1ECA473B000E0431 /* LaunchScreen.storyboard */ = {
			isa = PBXVariantGroup;
			children = (
				14F21DCF1ECA473B000E0431 /* Base */,
			);
			name = LaunchScreen.storyboard;
			sourceTree = "<group>";
		};
/* End PBXVariantGroup section */

/* Begin XCBuildConfiguration section */
		14F21DC31ECA4527000E0431 /* Debug */ = {
			isa = XCBuildConfiguration;
			buildSettings = {
				ALWAYS_SEARCH_USER_PATHS = NO;
				CLANG_ANALYZER_NONNULL = YES;
				CLANG_ANALYZER_NUMBER_OBJECT_CONVERSION = YES_AGGRESSIVE;
				CLANG_CXX_LANGUAGE_STANDARD = "gnu++0x";
				CLANG_CXX_LIBRARY = "libc++";
				CLANG_ENABLE_MODULES = YES;
				CLANG_ENABLE_OBJC_ARC = YES;
				CLANG_WARN_BOOL_CONVERSION = YES;
				CLANG_WARN_CONSTANT_CONVERSION = YES;
				CLANG_WARN_DIRECT_OBJC_ISA_USAGE = YES_ERROR;
				CLANG_WARN_DOCUMENTATION_COMMENTS = YES;
				CLANG_WARN_EMPTY_BODY = YES;
				CLANG_WARN_ENUM_CONVERSION = YES;
				CLANG_WARN_INFINITE_RECURSION = YES;
				CLANG_WARN_INT_CONVERSION = YES;
				CLANG_WARN_OBJC_ROOT_CLASS = YES_ERROR;
				CLANG_WARN_SUSPICIOUS_MOVE = YES;
				CLANG_WARN_UNREACHABLE_CODE = YES;
				CLANG_WARN__DUPLICATE_METHOD_MATCH = YES;
				"CODE_SIGN_IDENTITY[sdk=iphoneos*]" = "iPhone Developer";
				COPY_PHASE_STRIP = NO;
				DEBUG_INFORMATION_FORMAT = dwarf;
				ENABLE_STRICT_OBJC_MSGSEND = YES;
				ENABLE_TESTABILITY = YES;
				GCC_C_LANGUAGE_STANDARD = gnu99;
				GCC_DYNAMIC_NO_PIC = NO;
				GCC_NO_COMMON_BLOCKS = YES;
				GCC_OPTIMIZATION_LEVEL = 0;
				GCC_PREPROCESSOR_DEFINITIONS = (
					"DEBUG=1",
					"$(inherited)",
				);
				GCC_WARN_64_TO_32_BIT_CONVERSION = YES;
				GCC_WARN_ABOUT_RETURN_TYPE = YES_ERROR;
				GCC_WARN_UNDECLARED_SELECTOR = YES;
				GCC_WARN_UNINITIALIZED_AUTOS = YES_AGGRESSIVE;
				GCC_WARN_UNUSED_FUNCTION = YES;
				GCC_WARN_UNUSED_VARIABLE = YES;
				IPHONEOS_DEPLOYMENT_TARGET = 10.3;
				MTL_ENABLE_DEBUG_INFO = YES;
				ONLY_ACTIVE_ARCH = YES;
				SDKROOT = iphoneos;
				SWIFT_ACTIVE_COMPILATION_CONDITIONS = DEBUG;
				SWIFT_OPTIMIZATION_LEVEL = "-Onone";
			};
			name = Debug;
		};
		14F21DC41ECA4527000E0431 /* Release */ = {
			isa = XCBuildConfiguration;
			buildSettings = {
				ALWAYS_SEARCH_USER_PATHS = NO;
				CLANG_ANALYZER_NONNULL = YES;
				CLANG_ANALYZER_NUMBER_OBJECT_CONVERSION = YES_AGGRESSIVE;
				CLANG_CXX_LANGUAGE_STANDARD = "gnu++0x";
				CLANG_CXX_LIBRARY = "libc++";
				CLANG_ENABLE_MODULES = YES;
				CLANG_ENABLE_OBJC_ARC = YES;
				CLANG_WARN_BOOL_CONVERSION = YES;
				CLANG_WARN_CONSTANT_CONVERSION = YES;
				CLANG_WARN_DIRECT_OBJC_ISA_USAGE = YES_ERROR;
				CLANG_WARN_DOCUMENTATION_COMMENTS = YES;
				CLANG_WARN_EMPTY_BODY = YES;
				CLANG_WARN_ENUM_CONVERSION = YES;
				CLANG_WARN_INFINITE_RECURSION = YES;
				CLANG_WARN_INT_CONVERSION = YES;
				CLANG_WARN_OBJC_ROOT_CLASS = YES_ERROR;
				CLANG_WARN_SUSPICIOUS_MOVE = YES;
				CLANG_WARN_UNREACHABLE_CODE = YES;
				CLANG_WARN__DUPLICATE_METHOD_MATCH = YES;
				"CODE_SIGN_IDENTITY[sdk=iphoneos*]" = "iPhone Developer";
				COPY_PHASE_STRIP = NO;
				DEBUG_INFORMATION_FORMAT = "dwarf-with-dsym";
				ENABLE_NS_ASSERTIONS = NO;
				ENABLE_STRICT_OBJC_MSGSEND = YES;
				GCC_C_LANGUAGE_STANDARD = gnu99;
				GCC_NO_COMMON_BLOCKS = YES;
				GCC_WARN_64_TO_32_BIT_CONVERSION = YES;
				GCC_WARN_ABOUT_RETURN_TYPE = YES_ERROR;
				GCC_WARN_UNDECLARED_SELECTOR = YES;
				GCC_WARN_UNINITIALIZED_AUTOS = YES_AGGRESSIVE;
				GCC_WARN_UNUSED_FUNCTION = YES;
				GCC_WARN_UNUSED_VARIABLE = YES;
				IPHONEOS_DEPLOYMENT_TARGET = 10.3;
				MTL_ENABLE_DEBUG_INFO = NO;
				SDKROOT = iphoneos;
				SWIFT_OPTIMIZATION_LEVEL = "-Owholemodule";
				VALIDATE_PRODUCT = YES;
			};
			name = Release;
		};
		14F21DC61ECA4527000E0431 /* Debug */ = {
			isa = XCBuildConfiguration;
			buildSettings = {
				ASSETCATALOG_COMPILER_APPICON_NAME = AppIcon;
				DEVELOPMENT_TEAM = MV978XDK83;
				INFOPLIST_FILE = "$(SRCROOT)/CollectionViewDataSource/Application/Info.plist";
				LD_RUNPATH_SEARCH_PATHS = "$(inherited) @executable_path/Frameworks";
				PRODUCT_BUNDLE_IDENTIFIER = com.skladek.CollectionViewDataSource;
				PRODUCT_NAME = "$(TARGET_NAME)";
				SWIFT_VERSION = 3.0;
				TARGETED_DEVICE_FAMILY = 2;
			};
			name = Debug;
		};
		14F21DC71ECA4527000E0431 /* Release */ = {
			isa = XCBuildConfiguration;
			buildSettings = {
				ASSETCATALOG_COMPILER_APPICON_NAME = AppIcon;
				DEVELOPMENT_TEAM = MV978XDK83;
				INFOPLIST_FILE = "$(SRCROOT)/CollectionViewDataSource/Application/Info.plist";
				LD_RUNPATH_SEARCH_PATHS = "$(inherited) @executable_path/Frameworks";
				PRODUCT_BUNDLE_IDENTIFIER = com.skladek.CollectionViewDataSource;
				PRODUCT_NAME = "$(TARGET_NAME)";
				SWIFT_VERSION = 3.0;
				TARGETED_DEVICE_FAMILY = 2;
			};
			name = Release;
		};
		14F21DC91ECA4527000E0431 /* Debug */ = {
			isa = XCBuildConfiguration;
			buildSettings = {
				ALWAYS_EMBED_SWIFT_STANDARD_LIBRARIES = YES;
				BUNDLE_LOADER = "$(TEST_HOST)";
				DEVELOPMENT_TEAM = MV978XDK83;
				INFOPLIST_FILE = CollectionViewDataSourceTests/Info.plist;
				LD_RUNPATH_SEARCH_PATHS = "$(inherited) @executable_path/Frameworks @loader_path/Frameworks";
				PRODUCT_BUNDLE_IDENTIFIER = com.skladek.CollectionViewDataSourceTests;
				PRODUCT_NAME = "$(TARGET_NAME)";
				SWIFT_VERSION = 3.0;
				TEST_HOST = "$(BUILT_PRODUCTS_DIR)/CollectionViewDataSource.app/CollectionViewDataSource";
			};
			name = Debug;
		};
		14F21DCA1ECA4527000E0431 /* Release */ = {
			isa = XCBuildConfiguration;
			buildSettings = {
				ALWAYS_EMBED_SWIFT_STANDARD_LIBRARIES = YES;
				BUNDLE_LOADER = "$(TEST_HOST)";
				DEVELOPMENT_TEAM = MV978XDK83;
				INFOPLIST_FILE = CollectionViewDataSourceTests/Info.plist;
				LD_RUNPATH_SEARCH_PATHS = "$(inherited) @executable_path/Frameworks @loader_path/Frameworks";
				PRODUCT_BUNDLE_IDENTIFIER = com.skladek.CollectionViewDataSourceTests;
				PRODUCT_NAME = "$(TARGET_NAME)";
				SWIFT_VERSION = 3.0;
				TEST_HOST = "$(BUILT_PRODUCTS_DIR)/CollectionViewDataSource.app/CollectionViewDataSource";
			};
			name = Release;
		};
/* End XCBuildConfiguration section */

/* Begin XCConfigurationList section */
		14F21DA31ECA4527000E0431 /* Build configuration list for PBXProject "CollectionViewDataSource" */ = {
			isa = XCConfigurationList;
			buildConfigurations = (
				14F21DC31ECA4527000E0431 /* Debug */,
				14F21DC41ECA4527000E0431 /* Release */,
			);
			defaultConfigurationIsVisible = 0;
			defaultConfigurationName = Release;
		};
		14F21DC51ECA4527000E0431 /* Build configuration list for PBXNativeTarget "CollectionViewDataSource" */ = {
			isa = XCConfigurationList;
			buildConfigurations = (
				14F21DC61ECA4527000E0431 /* Debug */,
				14F21DC71ECA4527000E0431 /* Release */,
			);
			defaultConfigurationIsVisible = 0;
			defaultConfigurationName = Release;
		};
		14F21DC81ECA4527000E0431 /* Build configuration list for PBXNativeTarget "CollectionViewDataSourceTests" */ = {
			isa = XCConfigurationList;
			buildConfigurations = (
				14F21DC91ECA4527000E0431 /* Debug */,
				14F21DCA1ECA4527000E0431 /* Release */,
			);
			defaultConfigurationIsVisible = 0;
			defaultConfigurationName = Release;
		};
/* End XCConfigurationList section */
	};
	rootObject = 14F21DA01ECA4527000E0431 /* Project object */;
}
