PODS:
  - Nimble (7.0.2)
  - Quick (1.2.0)
  - SwiftLint (0.23.1)

DEPENDENCIES:
  - Nimble (= 7.0.2)
  - Quick (= 1.2.0)
  - SwiftLint (= 0.23.1)

SPEC CHECKSUMS:
  Nimble: bfe1f814edabba69ff145cb1283e04ed636a67f2
  Quick: 58d203b1c5e27fff7229c4c1ae445ad7069a7a08
  SwiftLint: 1b670ce79284c76520f84060e87d645078fd32fa

PODFILE CHECKSUM: a768b353f71762350355c489fda3f2d38d549237

COCOAPODS: 1.2.1
